
Microsoft Visual Studio Solution File, Format Version 12.00
# Visual Studio Version 16
Project("{2150E333-8FDC-42A3-9474-1A3956D46DE8}") = "CMakePredefinedTargets", "CMakePredefinedTargets", "{DA9CEC1A-61E3-3A76-A3D5-FDBFB0D6FB5C}"
EndProject
Project("{2150E333-8FDC-42A3-9474-1A3956D46DE8}") = "app", "app", "{59E0F691-4900-30BD-A2B5-08B132150ACA}"
EndProject
Project("{2150E333-8FDC-42A3-9474-1A3956D46DE8}") = "lib", "lib", "{8F434FF9-8406-3CD9-97CE-678FBFA9005C}"
EndProject
Project("{8BC9CEB8-8B4A-11D0-8D11-00A0C91BC942}") = "ALL_BUILD", "ALL_BUILD.vcxproj", "{6C6F66FD-7C02-313C-A592-AF4828ABE2CA}"
	ProjectSection(ProjectDependencies) = postProject
		{06BE4EF7-EC5E-3792-A388-726BE51B2F90} = {06BE4EF7-EC5E-3792-A388-726BE51B2F90}
		{EFEA83E7-F35C-37D8-B69B-43780902D716} = {EFEA83E7-F35C-37D8-B69B-43780902D716}
		{632892E0-3C15-31A2-927F-3D655003663D} = {632892E0-3C15-31A2-927F-3D655003663D}
		{C6F453BF-EAA5-31CD-805C-895679B7F7B4} = {C6F453BF-EAA5-31CD-805C-895679B7F7B4}
		{B744F90F-C2CF-3D28-8DAB-BB3B1FFB4015} = {B744F90F-C2CF-3D28-8DAB-BB3B1FFB4015}
		{206C378D-EE57-3260-858B-5E763811CF09} = {206C378D-EE57-3260-858B-5E763811CF09}
		{BBC3E753-54B9-39A5-9A21-1E024DADAFB1} = {BBC3E753-54B9-39A5-9A21-1E024DADAFB1}
	EndProjectSection
EndProject
Project("{8BC9CEB8-8B4A-11D0-8D11-00A0C91BC942}") = "CommonLib", "src\CommonLib.vcxproj", "{06BE4EF7-EC5E-3792-A388-726BE51B2F90}"
	ProjectSection(ProjectDependencies) = postProject
		{C6F453BF-EAA5-31CD-805C-895679B7F7B4} = {C6F453BF-EAA5-31CD-805C-895679B7F7B4}
	EndProjectSection
EndProject
Project("{8BC9CEB8-8B4A-11D0-8D11-00A0C91BC942}") = "DecoderLib", "src\DecoderLib.vcxproj", "{EFEA83E7-F35C-37D8-B69B-43780902D716}"
	ProjectSection(ProjectDependencies) = postProject
		{06BE4EF7-EC5E-3792-A388-726BE51B2F90} = {06BE4EF7-EC5E-3792-A388-726BE51B2F90}
		{C6F453BF-EAA5-31CD-805C-895679B7F7B4} = {C6F453BF-EAA5-31CD-805C-895679B7F7B4}
	EndProjectSection
EndProject
Project("{8BC9CEB8-8B4A-11D0-8D11-00A0C91BC942}") = "EncoderLib", "src\EncoderLib.vcxproj", "{632892E0-3C15-31A2-927F-3D655003663D}"
	ProjectSection(ProjectDependencies) = postProject
		{06BE4EF7-EC5E-3792-A388-726BE51B2F90} = {06BE4EF7-EC5E-3792-A388-726BE51B2F90}
		{C6F453BF-EAA5-31CD-805C-895679B7F7B4} = {C6F453BF-EAA5-31CD-805C-895679B7F7B4}
	EndProjectSection
EndProject
Project("{8BC9CEB8-8B4A-11D0-8D11-00A0C91BC942}") = "ZERO_CHECK", "ZERO_CHECK.vcxproj", "{C6F453BF-EAA5-31CD-805C-895679B7F7B4}"
	ProjectSection(ProjectDependencies) = postProject
	EndProjectSection
EndProject
Project("{8BC9CEB8-8B4A-11D0-8D11-00A0C91BC942}") = "app_bitstream_merge", "app\app_bitstream_merge.vcxproj", "{B744F90F-C2CF-3D28-8DAB-BB3B1FFB4015}"
	ProjectSection(ProjectDependencies) = postProject
		{06BE4EF7-EC5E-3792-A388-726BE51B2F90} = {06BE4EF7-EC5E-3792-A388-726BE51B2F90}
		{EFEA83E7-F35C-37D8-B69B-43780902D716} = {EFEA83E7-F35C-37D8-B69B-43780902D716}
		{632892E0-3C15-31A2-927F-3D655003663D} = {632892E0-3C15-31A2-927F-3D655003663D}
		{C6F453BF-EAA5-31CD-805C-895679B7F7B4} = {C6F453BF-EAA5-31CD-805C-895679B7F7B4}
	EndProjectSection
EndProject
Project("{8BC9CEB8-8B4A-11D0-8D11-00A0C91BC942}") = "app_decoder", "app\app_decoder.vcxproj", "{206C378D-EE57-3260-858B-5E763811CF09}"
	ProjectSection(ProjectDependencies) = postProject
		{06BE4EF7-EC5E-3792-A388-726BE51B2F90} = {06BE4EF7-EC5E-3792-A388-726BE51B2F90}
		{EFEA83E7-F35C-37D8-B69B-43780902D716} = {EFEA83E7-F35C-37D8-B69B-43780902D716}
		{C6F453BF-EAA5-31CD-805C-895679B7F7B4} = {C6F453BF-EAA5-31CD-805C-895679B7F7B4}
	EndProjectSection
EndProject
Project("{8BC9CEB8-8B4A-11D0-8D11-00A0C91BC942}") = "app_encoder", "app\app_encoder.vcxproj", "{BBC3E753-54B9-39A5-9A21-1E024DADAFB1}"
	ProjectSection(ProjectDependencies) = postProject
		{06BE4EF7-EC5E-3792-A388-726BE51B2F90} = {06BE4EF7-EC5E-3792-A388-726BE51B2F90}
		{632892E0-3C15-31A2-927F-3D655003663D} = {632892E0-3C15-31A2-927F-3D655003663D}
		{C6F453BF-EAA5-31CD-805C-895679B7F7B4} = {C6F453BF-EAA5-31CD-805C-895679B7F7B4}
	EndProjectSection
EndProject
Global
	GlobalSection(SolutionConfigurationPlatforms) = preSolution
		Debug|x64 = Debug|x64
		Release|x64 = Release|x64
		MinSizeRel|x64 = MinSizeRel|x64
		RelWithDebInfo|x64 = RelWithDebInfo|x64
	EndGlobalSection
	GlobalSection(ProjectConfigurationPlatforms) = postSolution
		{6C6F66FD-7C02-313C-A592-AF4828ABE2CA}.Debug|x64.ActiveCfg = Debug|x64
		{6C6F66FD-7C02-313C-A592-AF4828ABE2CA}.Release|x64.ActiveCfg = Release|x64
		{6C6F66FD-7C02-313C-A592-AF4828ABE2CA}.MinSizeRel|x64.ActiveCfg = MinSizeRel|x64
		{6C6F66FD-7C02-313C-A592-AF4828ABE2CA}.RelWithDebInfo|x64.ActiveCfg = RelWithDebInfo|x64
		{06BE4EF7-EC5E-3792-A388-726BE51B2F90}.Debug|x64.ActiveCfg = Debug|x64
		{06BE4EF7-EC5E-3792-A388-726BE51B2F90}.Debug|x64.Build.0 = Debug|x64
		{06BE4EF7-EC5E-3792-A388-726BE51B2F90}.Release|x64.ActiveCfg = Release|x64
		{06BE4EF7-EC5E-3792-A388-726BE51B2F90}.Release|x64.Build.0 = Release|x64
		{06BE4EF7-EC5E-3792-A388-726BE51B2F90}.MinSizeRel|x64.ActiveCfg = MinSizeRel|x64
		{06BE4EF7-EC5E-3792-A388-726BE51B2F90}.MinSizeRel|x64.Build.0 = MinSizeRel|x64
		{06BE4EF7-EC5E-3792-A388-726BE51B2F90}.RelWithDebInfo|x64.ActiveCfg = RelWithDebInfo|x64
		{06BE4EF7-EC5E-3792-A388-726BE51B2F90}.RelWithDebInfo|x64.Build.0 = RelWithDebInfo|x64
		{EFEA83E7-F35C-37D8-B69B-43780902D716}.Debug|x64.ActiveCfg = Debug|x64
		{EFEA83E7-F35C-37D8-B69B-43780902D716}.Debug|x64.Build.0 = Debug|x64
		{EFEA83E7-F35C-37D8-B69B-43780902D716}.Release|x64.ActiveCfg = Release|x64
		{EFEA83E7-F35C-37D8-B69B-43780902D716}.Release|x64.Build.0 = Release|x64
		{EFEA83E7-F35C-37D8-B69B-43780902D716}.MinSizeRel|x64.ActiveCfg = MinSizeRel|x64
		{EFEA83E7-F35C-37D8-B69B-43780902D716}.MinSizeRel|x64.Build.0 = MinSizeRel|x64
		{EFEA83E7-F35C-37D8-B69B-43780902D716}.RelWithDebInfo|x64.ActiveCfg = RelWithDebInfo|x64
		{EFEA83E7-F35C-37D8-B69B-43780902D716}.RelWithDebInfo|x64.Build.0 = RelWithDebInfo|x64
		{632892E0-3C15-31A2-927F-3D655003663D}.Debug|x64.ActiveCfg = Debug|x64
		{632892E0-3C15-31A2-927F-3D655003663D}.Debug|x64.Build.0 = Debug|x64
		{632892E0-3C15-31A2-927F-3D655003663D}.Release|x64.ActiveCfg = Release|x64
		{632892E0-3C15-31A2-927F-3D655003663D}.Release|x64.Build.0 = Release|x64
		{632892E0-3C15-31A2-927F-3D655003663D}.MinSizeRel|x64.ActiveCfg = MinSizeRel|x64
		{632892E0-3C15-31A2-927F-3D655003663D}.MinSizeRel|x64.Build.0 = MinSizeRel|x64
		{632892E0-3C15-31A2-927F-3D655003663D}.RelWithDebInfo|x64.ActiveCfg = RelWithDebInfo|x64
		{632892E0-3C15-31A2-927F-3D655003663D}.RelWithDebInfo|x64.Build.0 = RelWithDebInfo|x64
		{C6F453BF-EAA5-31CD-805C-895679B7F7B4}.Debug|x64.ActiveCfg = Debug|x64
		{C6F453BF-EAA5-31CD-805C-895679B7F7B4}.Debug|x64.Build.0 = Debug|x64
		{C6F453BF-EAA5-31CD-805C-895679B7F7B4}.Release|x64.ActiveCfg = Release|x64
		{C6F453BF-EAA5-31CD-805C-895679B7F7B4}.Release|x64.Build.0 = Release|x64
		{C6F453BF-EAA5-31CD-805C-895679B7F7B4}.MinSizeRel|x64.ActiveCfg = MinSizeRel|x64
		{C6F453BF-EAA5-31CD-805C-895679B7F7B4}.MinSizeRel|x64.Build.0 = MinSizeRel|x64
		{C6F453BF-EAA5-31CD-805C-895679B7F7B4}.RelWithDebInfo|x64.ActiveCfg = RelWithDebInfo|x64
		{C6F453BF-EAA5-31CD-805C-895679B7F7B4}.RelWithDebInfo|x64.Build.0 = RelWithDebInfo|x64
		{B744F90F-C2CF-3D28-8DAB-BB3B1FFB4015}.Debug|x64.ActiveCfg = Debug|x64
		{B744F90F-C2CF-3D28-8DAB-BB3B1FFB4015}.Debug|x64.Build.0 = Debug|x64
		{B744F90F-C2CF-3D28-8DAB-BB3B1FFB4015}.Release|x64.ActiveCfg = Release|x64
		{B744F90F-C2CF-3D28-8DAB-BB3B1FFB4015}.Release|x64.Build.0 = Release|x64
		{B744F90F-C2CF-3D28-8DAB-BB3B1FFB4015}.MinSizeRel|x64.ActiveCfg = MinSizeRel|x64
		{B744F90F-C2CF-3D28-8DAB-BB3B1FFB4015}.MinSizeRel|x64.Build.0 = MinSizeRel|x64
		{B744F90F-C2CF-3D28-8DAB-BB3B1FFB4015}.RelWithDebInfo|x64.ActiveCfg = RelWithDebInfo|x64
		{B744F90F-C2CF-3D28-8DAB-BB3B1FFB4015}.RelWithDebInfo|x64.Build.0 = RelWithDebInfo|x64
		{206C378D-EE57-3260-858B-5E763811CF09}.Debug|x64.ActiveCfg = Debug|x64
		{206C378D-EE57-3260-858B-5E763811CF09}.Debug|x64.Build.0 = Debug|x64
		{206C378D-EE57-3260-858B-5E763811CF09}.Release|x64.ActiveCfg = Release|x64
		{206C378D-EE57-3260-858B-5E763811CF09}.Release|x64.Build.0 = Release|x64
		{206C378D-EE57-3260-858B-5E763811CF09}.MinSizeRel|x64.ActiveCfg = MinSizeRel|x64
		{206C378D-EE57-3260-858B-5E763811CF09}.MinSizeRel|x64.Build.0 = MinSizeRel|x64
		{206C378D-EE57-3260-858B-5E763811CF09}.RelWithDebInfo|x64.ActiveCfg = RelWithDebInfo|x64
		{206C378D-EE57-3260-858B-5E763811CF09}.RelWithDebInfo|x64.Build.0 = RelWithDebInfo|x64
		{BBC3E753-54B9-39A5-9A21-1E024DADAFB1}.Debug|x64.ActiveCfg = Debug|x64
		{BBC3E753-54B9-39A5-9A21-1E024DADAFB1}.Debug|x64.Build.0 = Debug|x64
		{BBC3E753-54B9-39A5-9A21-1E024DADAFB1}.Release|x64.ActiveCfg = Release|x64
		{BBC3E753-54B9-39A5-9A21-1E024DADAFB1}.Release|x64.Build.0 = Release|x64
		{BBC3E753-54B9-39A5-9A21-1E024DADAFB1}.MinSizeRel|x64.ActiveCfg = MinSizeRel|x64
		{BBC3E753-54B9-39A5-9A21-1E024DADAFB1}.MinSizeRel|x64.Build.0 = MinSizeRel|x64
		{BBC3E753-54B9-39A5-9A21-1E024DADAFB1}.RelWithDebInfo|x64.ActiveCfg = RelWithDebInfo|x64
		{BBC3E753-54B9-39A5-9A21-1E024DADAFB1}.RelWithDebInfo|x64.Build.0 = RelWithDebInfo|x64
	EndGlobalSection
	GlobalSection(NestedProjects) = preSolution
		{6C6F66FD-7C02-313C-A592-AF4828ABE2CA} = {DA9CEC1A-61E3-3A76-A3D5-FDBFB0D6FB5C}
		{C6F453BF-EAA5-31CD-805C-895679B7F7B4} = {DA9CEC1A-61E3-3A76-A3D5-FDBFB0D6FB5C}
		{B744F90F-C2CF-3D28-8DAB-BB3B1FFB4015} = {59E0F691-4900-30BD-A2B5-08B132150ACA}
		{206C378D-EE57-3260-858B-5E763811CF09} = {59E0F691-4900-30BD-A2B5-08B132150ACA}
		{BBC3E753-54B9-39A5-9A21-1E024DADAFB1} = {59E0F691-4900-30BD-A2B5-08B132150ACA}
		{06BE4EF7-EC5E-3792-A388-726BE51B2F90} = {8F434FF9-8406-3CD9-97CE-678FBFA9005C}
		{EFEA83E7-F35C-37D8-B69B-43780902D716} = {8F434FF9-8406-3CD9-97CE-678FBFA9005C}
		{632892E0-3C15-31A2-927F-3D655003663D} = {8F434FF9-8406-3CD9-97CE-678FBFA9005C}
	EndGlobalSection
	GlobalSection(ExtensibilityGlobals) = postSolution
		SolutionGuid = {AE302E51-B3EC-3B6D-B058-279704C39D47}
	EndGlobalSection
	GlobalSection(ExtensibilityAddIns) = postSolution
	EndGlobalSection
EndGlobal
