<?xml version="1.0" encoding="utf-8"?>
<Project ToolsVersion="16.0" xmlns="http://schemas.microsoft.com/developer/msbuild/2003">
  <ItemGroup>
    <ClCompile Include="E:\DAMR\src\dec.c">
      <Filter>Source Files</Filter>
    </ClCompile>
    <ClCompile Include="E:\DAMR\src\dec_DecAdaptiveLoopFilter.c">
      <Filter>Source Files</Filter>
    </ClCompile>
    <ClCompile Include="E:\DAMR\src\dec_bsr.c">
      <Filter>Source Files</Filter>
    </ClCompile>
    <ClCompile Include="E:\DAMR\src\dec_eco.c">
      <Filter>Source Files</Filter>
    </ClCompile>
    <ClCompile Include="E:\DAMR\src\dec_util.c">
      <Filter>Source Files</Filter>
    </ClCompile>
  </ItemGroup>
  <ItemGroup>
    <ClInclude Include="E:\DAMR\inc\dec_DecAdaptiveLoopFilter.h">
      <Filter>Header Files</Filter>
    </ClInclude>
    <ClInclude Include="E:\DAMR\inc\dec_bsr.h">
      <Filter>Header Files</Filter>
    </ClInclude>
    <ClInclude Include="E:\DAMR\inc\dec_def.h">
      <Filter>Header Files</Filter>
    </ClInclude>
    <ClInclude Include="E:\DAMR\inc\dec_eco.h">
      <Filter>Header Files</Filter>
    </ClInclude>
    <ClInclude Include="E:\DAMR\inc\dec_util.h">
      <Filter>Header Files</Filter>
    </ClInclude>
  </ItemGroup>
  <ItemGroup>
    <CustomBuild Include="E:\DAMR\src\CMakeLists.txt" />
  </ItemGroup>
  <ItemGroup>
    <Filter Include="Header Files">
      <UniqueIdentifier>{905DC420-AB9E-31D9-848F-012108ADB0B9}</UniqueIdentifier>
    </Filter>
    <Filter Include="Source Files">
      <UniqueIdentifier>{99A0D449-0B8F-3CD7-AD42-FC426B66DCC0}</UniqueIdentifier>
    </Filter>
  </ItemGroup>
</Project>
