<?xml version="1.0" encoding="utf-8"?>
<Project ToolsVersion="16.0" xmlns="http://schemas.microsoft.com/developer/msbuild/2003">
  <ItemGroup>
    <ClCompile Include="E:\DAMR\src\enc.c">
      <Filter>Source Files</Filter>
    </ClCompile>
    <ClCompile Include="E:\DAMR\src\enc_EncAdaptiveLoopFilter.c">
      <Filter>Source Files</Filter>
    </ClCompile>
    <ClCompile Include="E:\DAMR\src\enc_bsw.c">
      <Filter>Source Files</Filter>
    </ClCompile>
    <ClCompile Include="E:\DAMR\src\enc_eco.c">
      <Filter>Source Files</Filter>
    </ClCompile>
    <ClCompile Include="E:\DAMR\src\enc_esao.c">
      <Filter>Source Files</Filter>
    </ClCompile>
    <ClCompile Include="E:\DAMR\src\enc_ibc_hashmap.cpp">
      <Filter>Source Files</Filter>
    </ClCompile>
    <ClCompile Include="E:\DAMR\src\enc_mode.c">
      <Filter>Source Files</Filter>
    </ClCompile>
    <ClCompile Include="E:\DAMR\src\enc_optimization.cpp">
      <Filter>Source Files</Filter>
    </ClCompile>
    <ClCompile Include="E:\DAMR\src\enc_pibc.c">
      <Filter>Source Files</Filter>
    </ClCompile>
    <ClCompile Include="E:\DAMR\src\enc_pinter.c">
      <Filter>Source Files</Filter>
    </ClCompile>
    <ClCompile Include="E:\DAMR\src\enc_pintra.c">
      <Filter>Source Files</Filter>
    </ClCompile>
    <ClCompile Include="E:\DAMR\src\enc_rsd_hashmap.cpp">
      <Filter>Source Files</Filter>
    </ClCompile>
    <ClCompile Include="E:\DAMR\src\enc_sad.c">
      <Filter>Source Files</Filter>
    </ClCompile>
    <ClCompile Include="E:\DAMR\src\enc_sp.cpp">
      <Filter>Source Files</Filter>
    </ClCompile>
    <ClCompile Include="E:\DAMR\src\enc_tbl.c">
      <Filter>Source Files</Filter>
    </ClCompile>
    <ClCompile Include="E:\DAMR\src\enc_temporalFilter.c">
      <Filter>Source Files</Filter>
    </ClCompile>
    <ClCompile Include="E:\DAMR\src\enc_tq.c">
      <Filter>Source Files</Filter>
    </ClCompile>
    <ClCompile Include="E:\DAMR\src\enc_util.c">
      <Filter>Source Files</Filter>
    </ClCompile>
  </ItemGroup>
  <ItemGroup>
    <ClInclude Include="E:\DAMR\inc\enc_EncAdaptiveLoopFilter.h">
      <Filter>Header Files</Filter>
    </ClInclude>
    <ClInclude Include="E:\DAMR\inc\enc_bsw.h">
      <Filter>Header Files</Filter>
    </ClInclude>
    <ClInclude Include="E:\DAMR\inc\enc_def.h">
      <Filter>Header Files</Filter>
    </ClInclude>
    <ClInclude Include="E:\DAMR\inc\enc_eco.h">
      <Filter>Header Files</Filter>
    </ClInclude>
    <ClInclude Include="E:\DAMR\inc\enc_esao.h">
      <Filter>Header Files</Filter>
    </ClInclude>
    <ClInclude Include="E:\DAMR\inc\enc_ibc_hash_wrapper.h">
      <Filter>Header Files</Filter>
    </ClInclude>
    <ClInclude Include="E:\DAMR\inc\enc_ibc_hashmap.h">
      <Filter>Header Files</Filter>
    </ClInclude>
    <ClInclude Include="E:\DAMR\inc\enc_mode.h">
      <Filter>Header Files</Filter>
    </ClInclude>
    <ClInclude Include="E:\DAMR\inc\enc_optimization.h">
      <Filter>Header Files</Filter>
    </ClInclude>
    <ClInclude Include="E:\DAMR\inc\enc_optimization_wrapper.h">
      <Filter>Header Files</Filter>
    </ClInclude>
    <ClInclude Include="E:\DAMR\inc\enc_pibc.h">
      <Filter>Header Files</Filter>
    </ClInclude>
    <ClInclude Include="E:\DAMR\inc\enc_pinter.h">
      <Filter>Header Files</Filter>
    </ClInclude>
    <ClInclude Include="E:\DAMR\inc\enc_pintra.h">
      <Filter>Header Files</Filter>
    </ClInclude>
    <ClInclude Include="E:\DAMR\inc\enc_rsd_hash_wrapper.h">
      <Filter>Header Files</Filter>
    </ClInclude>
    <ClInclude Include="E:\DAMR\inc\enc_rsd_hashmap.h">
      <Filter>Header Files</Filter>
    </ClInclude>
    <ClInclude Include="E:\DAMR\inc\enc_sad.h">
      <Filter>Header Files</Filter>
    </ClInclude>
    <ClInclude Include="E:\DAMR\inc\enc_sp.h">
      <Filter>Header Files</Filter>
    </ClInclude>
    <ClInclude Include="E:\DAMR\inc\enc_tbl.h">
      <Filter>Header Files</Filter>
    </ClInclude>
    <ClInclude Include="E:\DAMR\inc\enc_temporalFilter.h">
      <Filter>Header Files</Filter>
    </ClInclude>
    <ClInclude Include="E:\DAMR\inc\enc_tq.h">
      <Filter>Header Files</Filter>
    </ClInclude>
    <ClInclude Include="E:\DAMR\inc\enc_util.h">
      <Filter>Header Files</Filter>
    </ClInclude>
  </ItemGroup>
  <ItemGroup>
    <CustomBuild Include="E:\DAMR\src\CMakeLists.txt" />
  </ItemGroup>
  <ItemGroup>
    <Filter Include="Header Files">
      <UniqueIdentifier>{905DC420-AB9E-31D9-848F-012108ADB0B9}</UniqueIdentifier>
    </Filter>
    <Filter Include="Source Files">
      <UniqueIdentifier>{99A0D449-0B8F-3CD7-AD42-FC426B66DCC0}</UniqueIdentifier>
    </Filter>
  </ItemGroup>
</Project>
